
Microsoft Visual Studio Solution File, Format Version 12.00
# Visual Studio Version 17
VisualStudioVersion = 17.11.35208.52
MinimumVisualStudioVersion = 10.0.40219.1
Project("{FAE04EC0-301F-11D3-BF4B-00C04F79EFBC}") = "02 - Classes, atributos, métodos, membros estáticos", "02 - Classes, atributos, métodos, membros estáticos.csproj", "{9A76F64C-61AA-45DF-8539-460854FBB5C1}"
EndProject
Global
	GlobalSection(SolutionConfigurationPlatforms) = preSolution
		Debug|Any CPU = Debug|Any CPU
		Release|Any CPU = Release|Any CPU
	EndGlobalSection
	GlobalSection(ProjectConfigurationPlatforms) = postSolution
		{9A76F64C-61AA-45DF-8539-460854FBB5C1}.Debug|Any CPU.ActiveCfg = Debug|Any CPU
		{9A76F64C-61AA-45DF-8539-460854FBB5C1}.Debug|Any CPU.Build.0 = Debug|Any CPU
		{9A76F64C-61AA-45DF-8539-460854FBB5C1}.Release|Any CPU.ActiveCfg = Release|Any CPU
		{9A76F64C-61AA-45DF-8539-460854FBB5C1}.Release|Any CPU.Build.0 = Release|Any CPU
	EndGlobalSection
	GlobalSection(SolutionProperties) = preSolution
		HideSolutionNode = FALSE
	EndGlobalSection
	GlobalSection(ExtensibilityGlobals) = postSolution
		SolutionGuid = {43771162-B172-4DE2-83EA-2BDD0E7DE76C}
	EndGlobalSection
EndGlobal
