
Microsoft Visual Studio Solution File, Format Version 12.00
# Visual Studio Version 17
VisualStudioVersion = 17.11.35208.52
MinimumVisualStudioVersion = 10.0.40219.1
Project("{FAE04EC0-301F-11D3-BF4B-00C04F79EFBC}") = "03 - Construtores, palavra this, sobrecarga, encapsulamento", "03 - Construtores, palavra this, sobrecarga, encapsulamento.csproj", "{56B4422F-A2DF-4065-A985-BE3FEA590695}"
EndProject
Global
	GlobalSection(SolutionConfigurationPlatforms) = preSolution
		Debug|Any CPU = Debug|Any CPU
		Release|Any CPU = Release|Any CPU
	EndGlobalSection
	GlobalSection(ProjectConfigurationPlatforms) = postSolution
		{56B4422F-A2DF-4065-A985-BE3FEA590695}.Debug|Any CPU.ActiveCfg = Debug|Any CPU
		{56B4422F-A2DF-4065-A985-BE3FEA590695}.Debug|Any CPU.Build.0 = Debug|Any CPU
		{56B4422F-A2DF-4065-A985-BE3FEA590695}.Release|Any CPU.ActiveCfg = Release|Any CPU
		{56B4422F-A2DF-4065-A985-BE3FEA590695}.Release|Any CPU.Build.0 = Release|Any CPU
	EndGlobalSection
	GlobalSection(SolutionProperties) = preSolution
		HideSolutionNode = FALSE
	EndGlobalSection
	GlobalSection(ExtensibilityGlobals) = postSolution
		SolutionGuid = {4CCFF329-42A4-483A-BA1E-DD16B4BB8AD3}
	EndGlobalSection
EndGlobal
