
Microsoft Visual Studio Solution File, Format Version 12.00
# Visual Studio Version 17
VisualStudioVersion = 17.11.35208.52
MinimumVisualStudioVersion = 10.0.40219.1
Project("{FAE04EC0-301F-11D3-BF4B-00C04F79EFBC}") = "09 - Métodos Abstratos", "09 - Métodos Abstratos.csproj", "{F975C996-2B02-4416-85A2-4094C29443F8}"
EndProject
Global
	GlobalSection(SolutionConfigurationPlatforms) = preSolution
		Debug|Any CPU = Debug|Any CPU
		Release|Any CPU = Release|Any CPU
	EndGlobalSection
	GlobalSection(ProjectConfigurationPlatforms) = postSolution
		{F975C996-2B02-4416-85A2-4094C29443F8}.Debug|Any CPU.ActiveCfg = Debug|Any CPU
		{F975C996-2B02-4416-85A2-4094C29443F8}.Debug|Any CPU.Build.0 = Debug|Any CPU
		{F975C996-2B02-4416-85A2-4094C29443F8}.Release|Any CPU.ActiveCfg = Release|Any CPU
		{F975C996-2B02-4416-85A2-4094C29443F8}.Release|Any CPU.Build.0 = Release|Any CPU
	EndGlobalSection
	GlobalSection(SolutionProperties) = preSolution
		HideSolutionNode = FALSE
	EndGlobalSection
	GlobalSection(ExtensibilityGlobals) = postSolution
		SolutionGuid = {5FDEEDA0-225C-4AAF-98D9-C0079E82C1CF}
	EndGlobalSection
EndGlobal
