
Microsoft Visual Studio Solution File, Format Version 12.00
# Visual Studio Version 17
VisualStudioVersion = 17.10.34928.147
MinimumVisualStudioVersion = 10.0.40219.1
Project("{FAE04EC0-301F-11D3-BF4B-00C04F79EFBC}") = "12 - Razor Pages", "12 - Razor Pages.csproj", "{2B4C2004-6A7B-493D-9096-4DF46ECFBEB2}"
EndProject
Global
	GlobalSection(SolutionConfigurationPlatforms) = preSolution
		Debug|Any CPU = Debug|Any CPU
		Release|Any CPU = Release|Any CPU
	EndGlobalSection
	GlobalSection(ProjectConfigurationPlatforms) = postSolution
		{2B4C2004-6A7B-493D-9096-4DF46ECFBEB2}.Debug|Any CPU.ActiveCfg = Debug|Any CPU
		{2B4C2004-6A7B-493D-9096-4DF46ECFBEB2}.Debug|Any CPU.Build.0 = Debug|Any CPU
		{2B4C2004-6A7B-493D-9096-4DF46ECFBEB2}.Release|Any CPU.ActiveCfg = Release|Any CPU
		{2B4C2004-6A7B-493D-9096-4DF46ECFBEB2}.Release|Any CPU.Build.0 = Release|Any CPU
	EndGlobalSection
	GlobalSection(SolutionProperties) = preSolution
		HideSolutionNode = FALSE
	EndGlobalSection
	GlobalSection(ExtensibilityGlobals) = postSolution
		SolutionGuid = {66C7C406-9835-4219-82D1-0B6BCBA5DD38}
	EndGlobalSection
EndGlobal
