
Microsoft Visual Studio Solution File, Format Version 12.00
# Visual Studio Version 17
VisualStudioVersion = 17.11.35208.52
MinimumVisualStudioVersion = 10.0.40219.1
Project("{FAE04EC0-301F-11D3-BF4B-00C04F79EFBC}") = "07 - Enumerações e Composições", "07 - Enumerações e Composições.csproj", "{B30D7CEE-70AE-4DA1-B45E-664F9D2D9806}"
EndProject
Global
	GlobalSection(SolutionConfigurationPlatforms) = preSolution
		Debug|Any CPU = Debug|Any CPU
		Release|Any CPU = Release|Any CPU
	EndGlobalSection
	GlobalSection(ProjectConfigurationPlatforms) = postSolution
		{B30D7CEE-70AE-4DA1-B45E-664F9D2D9806}.Debug|Any CPU.ActiveCfg = Debug|Any CPU
		{B30D7CEE-70AE-4DA1-B45E-664F9D2D9806}.Debug|Any CPU.Build.0 = Debug|Any CPU
		{B30D7CEE-70AE-4DA1-B45E-664F9D2D9806}.Release|Any CPU.ActiveCfg = Release|Any CPU
		{B30D7CEE-70AE-4DA1-B45E-664F9D2D9806}.Release|Any CPU.Build.0 = Release|Any CPU
	EndGlobalSection
	GlobalSection(SolutionProperties) = preSolution
		HideSolutionNode = FALSE
	EndGlobalSection
	GlobalSection(ExtensibilityGlobals) = postSolution
		SolutionGuid = {D21B7FC0-F511-405D-B00F-7AD2C73094A4}
	EndGlobalSection
EndGlobal
